<?xml version="1.0" encoding="utf-8"?>
<Project ToolsVersion="4.0" xmlns="http://schemas.microsoft.com/developer/msbuild/2003">
  <ItemGroup>
    <ClCompile Include="budget_handling.c">
      <Filter>Source Files</Filter>
    </ClCompile>
    <ClCompile Include="category_selection.c">
      <Filter>Source Files</Filter>
    </ClCompile>
    <ClCompile Include="common.c">
      <Filter>Source Files</Filter>
    </ClCompile>
    <ClCompile Include="data_storage.c">
      <Filter>Source Files</Filter>
    </ClCompile>
    <ClCompile Include="feature_display.c">
      <Filter>Source Files</Filter>
    </ClCompile>
    <ClCompile Include="input_validation.c">
      <Filter>Source Files</Filter>
    </ClCompile>
    <ClCompile Include="main.c">
      <Filter>Source Files</Filter>
    </ClCompile>
    <ClCompile Include="main_control.c">
      <Filter>Source Files</Filter>
    </ClCompile>
    <ClCompile Include="output_display.c">
      <Filter>Source Files</Filter>
    </ClCompile>
    <ClCompile Include="recommendation.c">
      <Filter>Source Files</Filter>
    </ClCompile>
    <ClCompile Include="search_filtering.c">
      <Filter>Source Files</Filter>
    </ClCompile>
    <ClCompile Include="sorting_and_ranking.c">
      <Filter>Source Files</Filter>
    </ClCompile>
    <ClCompile Include="user_input.c">
      <Filter>Source Files</Filter>
    </ClCompile>
    <ClCompile Include="error_handling.c">
      <Filter>Source Files</Filter>
    </ClCompile>
  </ItemGroup>
  <ItemGroup>
    <ClInclude Include="budget_handling.h">
      <Filter>Header Files</Filter>
    </ClInclude>
    <ClInclude Include="category_selection.h">
      <Filter>Header Files</Filter>
    </ClInclude>
    <ClInclude Include="item.h">
      <Filter>Header Files</Filter>
    </ClInclude>
    <ClInclude Include="main_control.h">
      <Filter>Header Files</Filter>
    </ClInclude>
    <ClInclude Include="input_validation.h">
      <Filter>Header Files</Filter>
    </ClInclude>
    <ClInclude Include="recommendation.h">
      <Filter>Header Files</Filter>
    </ClInclude>
    <ClInclude Include="sorting_and_ranking.h">
      <Filter>Header Files</Filter>
    </ClInclude>
    <ClInclude Include="user_input.h">
      <Filter>Header Files</Filter>
    </ClInclude>
    <ClInclude Include="search_filtering.h">
      <Filter>Header Files</Filter>
    </ClInclude>
    <ClInclude Include="error_handling.h">
      <Filter>Header Files</Filter>
    </ClInclude>
    <ClInclude Include="data_storage.h">
      <Filter>Header Files</Filter>
    </ClInclude>
    <ClInclude Include="feature_display.h">
      <Filter>Header Files</Filter>
    </ClInclude>
    <ClInclude Include="output_display.h">
      <Filter>Header Files</Filter>
    </ClInclude>
    <ClInclude Include="common.h">
      <Filter>Header Files</Filter>
    </ClInclude>
  </ItemGroup>
  <ItemGroup>
    <Filter Include="Header Files">
      <UniqueIdentifier>{224f45c8-a426-47fd-b318-16f7ae2f1d29}</UniqueIdentifier>
    </Filter>
    <Filter Include="Source Files">
      <UniqueIdentifier>{21b547d9-136e-42d0-8fd0-b0d555b3cbb2}</UniqueIdentifier>
    </Filter>
    <Filter Include="Resource Files">
      <UniqueIdentifier>{fb584b2b-0e44-419d-b9a9-c9c5025b2e67}</UniqueIdentifier>
    </Filter>
  </ItemGroup>
  <ItemGroup>
    <Text Include="data.txt" />
  </ItemGroup>
</Project>