<?xml version="1.0" encoding="utf-8"?>
<Project ToolsVersion="4.0" xmlns="http://schemas.microsoft.com/developer/msbuild/2003">
  <ItemGroup>
    <ClCompile Include="budget_handling.c">
      <Filter>Source Files</Filter>
    </ClCompile>
    <ClCompile Include="category_selection.c">
      <Filter>Source Files</Filter>
    </ClCompile>
    <ClCompile Include="data_storage.c">
      <Filter>Source Files</Filter>
    </ClCompile>
    <ClCompile Include="feature_display.c">
      <Filter>Source Files</Filter>
    </ClCompile>
    <ClCompile Include="input_validation.c">
      <Filter>Source Files</Filter>
    </ClCompile>
    <ClCompile Include="main.c">
      <Filter>Source Files</Filter>
    </ClCompile>
    <ClCompile Include="main_control.c">
      <Filter>Source Files</Filter>
    </ClCompile>
    <ClCompile Include="output_display.c">
      <Filter>Source Files</Filter>
    </ClCompile>
    <ClCompile Include="recommendation.c">
      <Filter>Source Files</Filter>
    </ClCompile>
    <ClCompile Include="search_filtering.c">
      <Filter>Source Files</Filter>
    </ClCompile>
    <ClCompile Include="sorting_and_ranking.c">
      <Filter>Source Files</Filter>
    </ClCompile>
    <ClCompile Include="user_input.c">
      <Filter>Source Files</Filter>
    </ClCompile>
  </ItemGroup>
  <ItemGroup>
    <ClInclude Include="input_validation.h">
      <Filter>Header Files</Filter>
    </ClInclude>
    <ClInclude Include="budget_handling.h">
      <Filter>Header Files</Filter>
    </ClInclude>
    <ClInclude Include="category_selection.h">
      <Filter>Header Files</Filter>
    </ClInclude>
    <ClInclude Include="main_control.h">
      <Filter>Header Files</Filter>
    </ClInclude>
    <ClInclude Include="item.h">
      <Filter>Header Files</Filter>
    </ClInclude>
    <ClInclude Include="ranking_and_sorting.h">
      <Filter>Source Files</Filter>
    </ClInclude>
    <ClInclude Include="category_selection.h">
      <Filter>Source Files</Filter>
      <Filter>Header Files</Filter>
    </ClInclude>
    <ClInclude Include="recommendation.h">
      <Filter>Header Files</Filter>
    </ClInclude>
    <ClInclude Include="search_filtering.h">
      <Filter>Header Files</Filter>
    </ClInclude>
    <ClInclude Include="user_input.h">
      <Filter>Header Files</Filter>
    </ClInclude>
  </ItemGroup>
  <ItemGroup>
    <Filter Include="Source Files">
      <UniqueIdentifier>{12ff41cc-dc3c-4699-96d9-2a122bbbbf62}</UniqueIdentifier>
    </Filter>
    <Filter Include="Header Files">
      <UniqueIdentifier>{03bb9c1c-af39-41db-8c20-d7fcf3f0bfd4}</UniqueIdentifier>
    </Filter>
    <Filter Include="Resource Files">
      <UniqueIdentifier>{70ef8c45-d544-4dc6-9061-d76579b55e78}</UniqueIdentifier>
    </Filter>
  </ItemGroup>
</Project>